{
  "lockfileVersion": 1,
  "workspaces": {
    "": {
      "name": "urbanlens",
      "dependencies": {
        "bun": "^1.0.15",
        "dotenv": "^10.0.0",
        "dotenv-expand": "^5.1.0",
        "sass": "^1.69.5",
        "sass-loader": "^12.3.0",
        "semver": "^7.3.5",
        "typescript": "^5.0.0",
        "yarn": "^1.22.19",
      },
      "devDependencies": {
        "bun-types": "latest",
      },
      "peerDependencies": {
        "typescript": "^5.0.0",
      },
    },
  },
  "packages": {
    "@jridgewell/gen-mapping": ["@jridgewell/gen-mapping@0.3.5", "", { "dependencies": { "@jridgewell/set-array": "^1.2.1", "@jridgewell/sourcemap-codec": "^1.4.10", "@jridgewell/trace-mapping": "^0.3.24" } }, "sha512-IzL8ZoEDIBRWEzlCcRhOaCupYyN5gdIK+Q6fbFdPDg6HqX6jpkItn7DFIpW9LQzXG6Df9sA7+OKnq0qlz/GaQg=="],

    "@jridgewell/resolve-uri": ["@jridgewell/resolve-uri@3.1.2", "", {}, "sha512-bRISgCIjP20/tbWSPWMEi54QVPRZExkuD9lJL+UIxUKtwVJA8wW1Trb1jMs1RFXo1CBTNZ/5hpC9QvmKWdopKw=="],

    "@jridgewell/set-array": ["@jridgewell/set-array@1.2.1", "", {}, "sha512-R8gLRTZeyp03ymzP/6Lil/28tGeGEzhx1q2k703KGWRAI1VdvPIXdG70VJc2pAMw3NA6JKL5hhFu1sJX0Mnn/A=="],

    "@jridgewell/source-map": ["@jridgewell/source-map@0.3.6", "", { "dependencies": { "@jridgewell/gen-mapping": "^0.3.5", "@jridgewell/trace-mapping": "^0.3.25" } }, "sha512-1ZJTZebgqllO79ue2bm3rIGud/bOe0pP5BjSRCRxxYkEZS8STV7zN84UBbiYu7jy+eCKSnVIUgoWWE/tt+shMQ=="],

    "@jridgewell/sourcemap-codec": ["@jridgewell/sourcemap-codec@1.4.15", "", {}, "sha512-eF2rxCRulEKXHTRiDrDy6erMYWqNw4LPdQ8UQA4huuxaQsVeRPFl2oM8oDGxMFhJUWZf9McpLtJasDDZb/Bpeg=="],

    "@jridgewell/trace-mapping": ["@jridgewell/trace-mapping@0.3.25", "", { "dependencies": { "@jridgewell/resolve-uri": "^3.1.0", "@jridgewell/sourcemap-codec": "^1.4.14" } }, "sha512-vNk6aEwybGtawWmy/PzwnGDOjCkLWSD2wqvjGGAgOAwCGWySYXfYoxt00IJkTF+8Lb57DwOb3Aa0o9CApepiYQ=="],

    "@oven/bun-darwin-aarch64": ["@oven/bun-darwin-aarch64@1.1.6", "", { "os": "darwin", "cpu": "arm64" }, "sha512-1GQb0gugo/qndj5ehktgHRAoyCM5fWisbLEBLq6YorHTc71T5cqFWCQ6uPcfy3k9cxEDd8tUpejekyi8EsCxgw=="],

    "@oven/bun-darwin-x64": ["@oven/bun-darwin-x64@1.1.6", "", { "os": "darwin", "cpu": "x64" }, "sha512-NK8py4eJNkN6iNfvaM8pzmmNNNkbyzRvnc/pmrDLFPPfgJklJ2esm8OBCALDe9RvP1USDo8H1I4IXCtQQIu3SQ=="],

    "@oven/bun-darwin-x64-baseline": ["@oven/bun-darwin-x64-baseline@1.1.6", "", { "os": "darwin", "cpu": "x64" }, "sha512-amG6o1y1ksjwOUKS97IW5VQE/UPfEa4Edket1+VUa0UGvo/0z3+2gVYF3Bt+pZA45glJKXM3nI9wYlmVeE/AcQ=="],

    "@oven/bun-linux-aarch64": ["@oven/bun-linux-aarch64@1.1.6", "", { "os": "linux", "cpu": "arm64" }, "sha512-FOlZBeIrk7DlOsktWwahmxJwaKxCG9C+pKPMj8s+u08WhAKtfMBpgHvHsilBKE9W1twta+jB+geW4kU1KZSNZg=="],

    "@oven/bun-linux-x64": ["@oven/bun-linux-x64@1.1.6", "", { "os": "linux", "cpu": "x64" }, "sha512-PN/5XSPCWCuIgOEhxWfx5ViVEY9ZfpEpJkadDiZi9IY17mb/aZVvt0Lll4doe6B7hjbglb1nI++GXcpqU/fonw=="],

    "@oven/bun-linux-x64-baseline": ["@oven/bun-linux-x64-baseline@1.1.6", "", { "os": "linux", "cpu": "x64" }, "sha512-a/Wx5ZTl0BDq9WH5nJfl8rw0YX5/dWmxmy3pYki6EBbwjcsA8iMzjkRpp5k8NEV2SpyaDMdS+xCb/HiaO4RWoQ=="],

    "@oven/bun-windows-x64": ["@oven/bun-windows-x64@1.1.6", "", { "os": "win32", "cpu": "x64" }, "sha512-knJePhYbqtYv5RNUrnkMFrK4z3dDIPzom402yjSLkESZhsnO16xtLkULocV2yk0KDXKo2C3BqoZKHATCK6LxqQ=="],

    "@oven/bun-windows-x64-baseline": ["@oven/bun-windows-x64-baseline@1.1.6", "", { "os": "win32", "cpu": "x64" }, "sha512-8VVPdKTYEsQPwlCasLWmTsHPcC9om9FaZlH9j7Gs9jBYje3FDXMyLI3DalVQ/VBY+uwQ8qoXhtDrh83nLuawhA=="],

    "@types/eslint": ["@types/eslint@8.56.10", "", { "dependencies": { "@types/estree": "*", "@types/json-schema": "*" } }, "sha512-Shavhk87gCtY2fhXDctcfS3e6FdxWkCx1iUZ9eEUbh7rTqlZT0/IzOkCOVt0fCjcFuZ9FPYfuezTBImfHCDBGQ=="],

    "@types/eslint-scope": ["@types/eslint-scope@3.7.7", "", { "dependencies": { "@types/eslint": "*", "@types/estree": "*" } }, "sha512-MzMFlSLBqNF2gcHWO0G1vP/YQyfvrxZ0bF+u7mzUdZ1/xK4A4sru+nraZz5i3iEIk1l1uyicaDVTB4QbbEkAYg=="],

    "@types/estree": ["@types/estree@1.0.5", "", {}, "sha512-/kYRxGDLWzHOB7q+wtSUQlFrtcdUccpfy+X+9iMBpHK8QLLhx2wIPYuS5DYtR9Wa/YlZAbIovy7qVdB1Aq6Lyw=="],

    "@types/json-schema": ["@types/json-schema@7.0.15", "", {}, "sha512-5+fP8P8MFNC+AyZCDxrB2pkZFPGzqQWUzpSeuuVLvm8VMcorNYavBqoFcxK8bQz4Qsbn4oUEEem4wDLfcysGHA=="],

    "@types/node": ["@types/node@20.11.30", "", { "dependencies": { "undici-types": "~5.26.4" } }, "sha512-dHM6ZxwlmuZaRmUPfv1p+KrdD1Dci04FbdEm/9wEMouFqxYoFl5aMkt0VMAUtYRQDyYvD41WJLukhq/ha3YuTw=="],

    "@types/ws": ["@types/ws@8.5.10", "", { "dependencies": { "@types/node": "*" } }, "sha512-vmQSUcfalpIq0R9q7uTo2lXs6eGIpt9wtnLdMv9LVpIjCA/+ufZRozlVoVelIYixx1ugCBKDhn89vnsEGOCx9A=="],

    "@webassemblyjs/ast": ["@webassemblyjs/ast@1.12.1", "", { "dependencies": { "@webassemblyjs/helper-numbers": "1.11.6", "@webassemblyjs/helper-wasm-bytecode": "1.11.6" } }, "sha512-EKfMUOPRRUTy5UII4qJDGPpqfwjOmZ5jeGFwid9mnoqIFK+e0vqoi1qH56JpmZSzEL53jKnNzScdmftJyG5xWg=="],

    "@webassemblyjs/floating-point-hex-parser": ["@webassemblyjs/floating-point-hex-parser@1.11.6", "", {}, "sha512-ejAj9hfRJ2XMsNHk/v6Fu2dGS+i4UaXBXGemOfQ/JfQ6mdQg/WXtwleQRLLS4OvfDhv8rYnVwH27YJLMyYsxhw=="],

    "@webassemblyjs/helper-api-error": ["@webassemblyjs/helper-api-error@1.11.6", "", {}, "sha512-o0YkoP4pVu4rN8aTJgAyj9hC2Sv5UlkzCHhxqWj8butaLvnpdc2jOwh4ewE6CX0txSfLn/UYaV/pheS2Txg//Q=="],

    "@webassemblyjs/helper-buffer": ["@webassemblyjs/helper-buffer@1.12.1", "", {}, "sha512-nzJwQw99DNDKr9BVCOZcLuJJUlqkJh+kVzVl6Fmq/tI5ZtEyWT1KZMyOXltXLZJmDtvLCDgwsyrkohEtopTXCw=="],

    "@webassemblyjs/helper-numbers": ["@webassemblyjs/helper-numbers@1.11.6", "", { "dependencies": { "@webassemblyjs/floating-point-hex-parser": "1.11.6", "@webassemblyjs/helper-api-error": "1.11.6", "@xtuc/long": "4.2.2" } }, "sha512-vUIhZ8LZoIWHBohiEObxVm6hwP034jwmc9kuq5GdHZH0wiLVLIPcMCdpJzG4C11cHoQ25TFIQj9kaVADVX7N3g=="],

    "@webassemblyjs/helper-wasm-bytecode": ["@webassemblyjs/helper-wasm-bytecode@1.11.6", "", {}, "sha512-sFFHKwcmBprO9e7Icf0+gddyWYDViL8bpPjJJl0WHxCdETktXdmtWLGVzoHbqUcY4Be1LkNfwTmXOJUFZYSJdA=="],

    "@webassemblyjs/helper-wasm-section": ["@webassemblyjs/helper-wasm-section@1.12.1", "", { "dependencies": { "@webassemblyjs/ast": "1.12.1", "@webassemblyjs/helper-buffer": "1.12.1", "@webassemblyjs/helper-wasm-bytecode": "1.11.6", "@webassemblyjs/wasm-gen": "1.12.1" } }, "sha512-Jif4vfB6FJlUlSbgEMHUyk1j234GTNG9dBJ4XJdOySoj518Xj0oGsNi59cUQF4RRMS9ouBUxDDdyBVfPTypa5g=="],

    "@webassemblyjs/ieee754": ["@webassemblyjs/ieee754@1.11.6", "", { "dependencies": { "@xtuc/ieee754": "^1.2.0" } }, "sha512-LM4p2csPNvbij6U1f19v6WR56QZ8JcHg3QIJTlSwzFcmx6WSORicYj6I63f9yU1kEUtrpG+kjkiIAkevHpDXrg=="],

    "@webassemblyjs/leb128": ["@webassemblyjs/leb128@1.11.6", "", { "dependencies": { "@xtuc/long": "4.2.2" } }, "sha512-m7a0FhE67DQXgouf1tbN5XQcdWoNgaAuoULHIfGFIEVKA6tu/edls6XnIlkmS6FrXAquJRPni3ZZKjw6FSPjPQ=="],

    "@webassemblyjs/utf8": ["@webassemblyjs/utf8@1.11.6", "", {}, "sha512-vtXf2wTQ3+up9Zsg8sa2yWiQpzSsMyXj0qViVP6xKGCUT8p8YJ6HqI7l5eCnWx1T/FYdsv07HQs2wTFbbof/RA=="],

    "@webassemblyjs/wasm-edit": ["@webassemblyjs/wasm-edit@1.12.1", "", { "dependencies": { "@webassemblyjs/ast": "1.12.1", "@webassemblyjs/helper-buffer": "1.12.1", "@webassemblyjs/helper-wasm-bytecode": "1.11.6", "@webassemblyjs/helper-wasm-section": "1.12.1", "@webassemblyjs/wasm-gen": "1.12.1", "@webassemblyjs/wasm-opt": "1.12.1", "@webassemblyjs/wasm-parser": "1.12.1", "@webassemblyjs/wast-printer": "1.12.1" } }, "sha512-1DuwbVvADvS5mGnXbE+c9NfA8QRcZ6iKquqjjmR10k6o+zzsRVesil54DKexiowcFCPdr/Q0qaMgB01+SQ1u6g=="],

    "@webassemblyjs/wasm-gen": ["@webassemblyjs/wasm-gen@1.12.1", "", { "dependencies": { "@webassemblyjs/ast": "1.12.1", "@webassemblyjs/helper-wasm-bytecode": "1.11.6", "@webassemblyjs/ieee754": "1.11.6", "@webassemblyjs/leb128": "1.11.6", "@webassemblyjs/utf8": "1.11.6" } }, "sha512-TDq4Ojh9fcohAw6OIMXqiIcTq5KUXTGRkVxbSo1hQnSy6lAM5GSdfwWeSxpAo0YzgsgF182E/U0mDNhuA0tW7w=="],

    "@webassemblyjs/wasm-opt": ["@webassemblyjs/wasm-opt@1.12.1", "", { "dependencies": { "@webassemblyjs/ast": "1.12.1", "@webassemblyjs/helper-buffer": "1.12.1", "@webassemblyjs/wasm-gen": "1.12.1", "@webassemblyjs/wasm-parser": "1.12.1" } }, "sha512-Jg99j/2gG2iaz3hijw857AVYekZe2SAskcqlWIZXjji5WStnOpVoat3gQfT/Q5tb2djnCjBtMocY/Su1GfxPBg=="],

    "@webassemblyjs/wasm-parser": ["@webassemblyjs/wasm-parser@1.12.1", "", { "dependencies": { "@webassemblyjs/ast": "1.12.1", "@webassemblyjs/helper-api-error": "1.11.6", "@webassemblyjs/helper-wasm-bytecode": "1.11.6", "@webassemblyjs/ieee754": "1.11.6", "@webassemblyjs/leb128": "1.11.6", "@webassemblyjs/utf8": "1.11.6" } }, "sha512-xikIi7c2FHXysxXe3COrVUPSheuBtpcfhbpFj4gmu7KRLYOzANztwUU0IbsqvMqzuNK2+glRGWCEqZo1WCLyAQ=="],

    "@webassemblyjs/wast-printer": ["@webassemblyjs/wast-printer@1.12.1", "", { "dependencies": { "@webassemblyjs/ast": "1.12.1", "@xtuc/long": "4.2.2" } }, "sha512-+X4WAlOisVWQMikjbcvY2e0rwPsKQ9F688lksZhBcPycBBuii3O7m8FACbDMWDojpAqvjIncrG8J0XHKyQfVeA=="],

    "@xtuc/ieee754": ["@xtuc/ieee754@1.2.0", "", {}, "sha512-DX8nKgqcGwsc0eJSqYt5lwP4DH5FlHnmuWWBRy7X0NcaGR0ZtuyeESgMwTYVEtxmsNGY+qit4QYT/MIYTOTPeA=="],

    "@xtuc/long": ["@xtuc/long@4.2.2", "", {}, "sha512-NuHqBY1PB/D8xU6s/thBgOAiAP7HOYDQ32+BFZILJ8ivkUkAHQnWfn6WhL79Owj1qmUnoN/YPhktdIoucipkAQ=="],

    "acorn": ["acorn@8.11.3", "", { "bin": "bin/acorn" }, "sha512-Y9rRfJG5jcKOE0CLisYbojUjIrIEE7AGMzA/Sm4BslANhbS+cDMpgBdcPT91oJ7OuJ9hYJBx59RjbhxVnrF8Xg=="],

    "acorn-import-assertions": ["acorn-import-assertions@1.9.0", "", { "peerDependencies": { "acorn": "^8" } }, "sha512-cmMwop9x+8KFhxvKrKfPYmN6/pKTYYHBqLa0DfvVZcKMJWNyWLnaqND7dx/qn66R7ewM1UX5XMaDVP5wlVTaVA=="],

    "ajv": ["ajv@6.12.6", "", { "dependencies": { "fast-deep-equal": "^3.1.1", "fast-json-stable-stringify": "^2.0.0", "json-schema-traverse": "^0.4.1", "uri-js": "^4.2.2" } }, "sha512-j3fVLgvTo527anyYyJOGTYJbG+vnnQYvE0m5mmkc1TK+nxAppkCLMIL0aZ4dblVCNoGShhm+kzE4ZUykBoMg4g=="],

    "ajv-keywords": ["ajv-keywords@3.5.2", "", { "peerDependencies": { "ajv": "^6.9.1" } }, "sha512-5p6WTN0DdTGVQk6VjcEju19IgaHudalcfabD7yhDGeA6bcQnmL+CpveLJq/3hvfwd1aof6L386Ougkx6RfyMIQ=="],

    "anymatch": ["anymatch@3.1.3", "", { "dependencies": { "normalize-path": "^3.0.0", "picomatch": "^2.0.4" } }, "sha512-KMReFUr0B4t+D+OBkjR3KYqvocp2XaSzO55UcB6mgQMd3KbcE+mWTyvVV7D/zsdEbNnV6acZUutkiHQXvTr1Rw=="],

    "binary-extensions": ["binary-extensions@2.3.0", "", {}, "sha512-Ceh+7ox5qe7LJuLHoY0feh3pHuUDHAcRUeyL2VYghZwfpkNIy/+8Ocg0a3UuSoYzavmylwuLWQOf3hl0jjMMIw=="],

    "braces": ["braces@3.0.2", "", { "dependencies": { "fill-range": "^7.0.1" } }, "sha512-b8um+L1RzM3WDSzvhm6gIz1yfTbBt6YTlcEKAvsmqCZZFw46z626lVj9j1yEPW33H5H+lBQpZMP1k8l+78Ha0A=="],

    "browserslist": ["browserslist@4.23.0", "", { "dependencies": { "caniuse-lite": "^1.0.30001587", "electron-to-chromium": "^1.4.668", "node-releases": "^2.0.14", "update-browserslist-db": "^1.0.13" }, "bin": "cli.js" }, "sha512-QW8HiM1shhT2GuzkvklfjcKDiWFXHOeFCIA/huJPwHsslwcydgk7X+z2zXpEijP98UCY7HbubZt5J2Zgvf0CaQ=="],

    "buffer-from": ["buffer-from@1.1.2", "", {}, "sha512-E+XQCRwSbaaiChtv6k6Dwgc+bx+Bs6vuKJHHl5kox/BaKbhiXzqQOwK4cO22yElGp2OCmjwVhT3HmxgyPGnJfQ=="],

    "bun": ["bun@1.1.6", "", { "optionalDependencies": { "@oven/bun-darwin-aarch64": "1.1.6", "@oven/bun-darwin-x64": "1.1.6", "@oven/bun-darwin-x64-baseline": "1.1.6", "@oven/bun-linux-aarch64": "1.1.6", "@oven/bun-linux-x64": "1.1.6", "@oven/bun-linux-x64-baseline": "1.1.6", "@oven/bun-windows-x64": "1.1.6", "@oven/bun-windows-x64-baseline": "1.1.6" }, "os": [ "linux", "win32", "darwin", ], "cpu": [ "x64", "arm64", ], "bin": { "bun": "bin/bun.exe", "bunx": "bin/bun.exe" } }, "sha512-0oKx5dVZ8LpsAvXdW2DTR5Zt3KS81Ifjx9T2ma7RjDPKbvGIlDXOPt++tr1SndxhFNFsMFeE4i6VKvlL7IR0Zw=="],

    "bun-types": ["bun-types@1.1.6", "", { "dependencies": { "@types/node": "~20.11.3", "@types/ws": "~8.5.10" } }, "sha512-LK2aaJdBBTUkDyN+kRiJHLF3VGrAcdkEHrbBvbmTkccShPw6ZalxxKjWSBJwn4UkikhZdrdA87bZWmfUgkRUYg=="],

    "caniuse-lite": ["caniuse-lite@1.0.30001614", "", {}, "sha512-jmZQ1VpmlRwHgdP1/uiKzgiAuGOfLEJsYFP4+GBou/QQ4U6IOJCB4NP1c+1p9RGLpwObcT94jA5/uO+F1vBbog=="],

    "chokidar": ["chokidar@3.6.0", "", { "dependencies": { "anymatch": "~3.1.2", "braces": "~3.0.2", "glob-parent": "~5.1.2", "is-binary-path": "~2.1.0", "is-glob": "~4.0.1", "normalize-path": "~3.0.0", "readdirp": "~3.6.0" }, "optionalDependencies": { "fsevents": "~2.3.2" } }, "sha512-7VT13fmjotKpGipCW9JEQAusEPE+Ei8nl6/g4FBAmIm0GOOLMua9NDDo/DWp0ZAxCr3cPq5ZpBqmPAQgDda2Pw=="],

    "chrome-trace-event": ["chrome-trace-event@1.0.3", "", {}, "sha512-p3KULyQg4S7NIHixdwbGX+nFHkoBiA4YQmyWtjb8XngSKV124nJmRysgAeujbUVb15vh+RvFUfCPqU7rXk+hZg=="],

    "commander": ["commander@2.20.3", "", {}, "sha512-GpVkmM8vF2vQUkj2LvZmD35JxeJOLCwJ9cUkugyk2nuhbv3+mJvpLYYt+0+USMxE+oj+ey/lJEnhZw75x/OMcQ=="],

    "dotenv": ["dotenv@10.0.0", "", {}, "sha512-rlBi9d8jpv9Sf1klPjNfFAuWDjKLwTIJJ/VxtoTwIR6hnZxcEOQCZg2oIL3MWBYw5GpUDKOEnND7LXTbIpQ03Q=="],

    "dotenv-expand": ["dotenv-expand@5.1.0", "", {}, "sha512-YXQl1DSa4/PQyRfgrv6aoNjhasp/p4qs9FjJ4q4cQk+8m4r6k4ZSiEyytKG8f8W9gi8WsQtIObNmKd+tMzNTmA=="],

    "electron-to-chromium": ["electron-to-chromium@1.4.753", "", {}, "sha512-Wn1XKa0Lc5kMe5UIwQc4+i5lhhBggF0l82C1bE3oOMASt4JVqdOyRIVc8mh0kiuL5CCptqwQJBmFbaPglLrN0Q=="],

    "enhanced-resolve": ["enhanced-resolve@5.16.0", "", { "dependencies": { "graceful-fs": "^4.2.4", "tapable": "^2.2.0" } }, "sha512-O+QWCviPNSSLAD9Ucn8Awv+poAkqn3T1XY5/N7kR7rQO9yfSGWkYZDwpJ+iKF7B8rxaQKWngSqACpgzeapSyoA=="],

    "es-module-lexer": ["es-module-lexer@1.5.2", "", {}, "sha512-l60ETUTmLqbVbVHv1J4/qj+M8nq7AwMzEcg3kmJDt9dCNrTk+yHcYFf/Kw75pMDwd9mPcIGCG5LcS20SxYRzFA=="],

    "escalade": ["escalade@3.1.2", "", {}, "sha512-ErCHMCae19vR8vQGe50xIsVomy19rg6gFu3+r3jkEO46suLMWBksvVyoGgQV+jOfl84ZSOSlmv6Gxa89PmTGmA=="],

    "eslint-scope": ["eslint-scope@5.1.1", "", { "dependencies": { "esrecurse": "^4.3.0", "estraverse": "^4.1.1" } }, "sha512-2NxwbF/hZ0KpepYN0cNbo+FN6XoK7GaHlQhgx/hIZl6Va0bF45RQOOwhLIy8lQDbuCiadSLCBnH2CFYquit5bw=="],

    "esrecurse": ["esrecurse@4.3.0", "", { "dependencies": { "estraverse": "^5.2.0" } }, "sha512-KmfKL3b6G+RXvP8N1vr3Tq1kL/oCFgn2NYXEtqP8/L3pKapUA4G8cFVaoF3SU323CD4XypR/ffioHmkti6/Tag=="],

    "estraverse": ["estraverse@4.3.0", "", {}, "sha512-39nnKffWz8xN1BU/2c79n9nB9HDzo0niYUqx6xyqUnyoAnQyyWpOTdZEeiCch8BBu515t4wp9ZmgVfVhn9EBpw=="],

    "events": ["events@3.3.0", "", {}, "sha512-mQw+2fkQbALzQ7V0MY0IqdnXNOeTtP4r0lN9z7AAawCXgqea7bDii20AYrIBrFd/Hx0M2Ocz6S111CaFkUcb0Q=="],

    "fast-deep-equal": ["fast-deep-equal@3.1.3", "", {}, "sha512-f3qQ9oQy9j2AhBe/H9VC91wLmKBCCU/gDOnKNAYG5hswO7BLKj09Hc5HYNz9cGI++xlpDCIgDaitVs03ATR84Q=="],

    "fast-json-stable-stringify": ["fast-json-stable-stringify@2.1.0", "", {}, "sha512-lhd/wF+Lk98HZoTCtlVraHtfh5XYijIjalXck7saUtuanSDyLMxnHhSXEDJqHxD7msR8D0uCmqlkwjCV8xvwHw=="],

    "fill-range": ["fill-range@7.0.1", "", { "dependencies": { "to-regex-range": "^5.0.1" } }, "sha512-qOo9F+dMUmC2Lcb4BbVvnKJxTPjCm+RRpe4gDuGrzkL7mEVl/djYSu2OdQ2Pa302N4oqkSg9ir6jaLWJ2USVpQ=="],

    "fsevents": ["fsevents@2.3.3", "", { "os": "darwin" }, "sha512-5xoDfX+fL7faATnagmWPpbFtwh/R77WmMMqqHGS65C3vvB0YHrgF+B1YmZ3441tMj5n63k0212XNoJwzlhffQw=="],

    "glob-parent": ["glob-parent@5.1.2", "", { "dependencies": { "is-glob": "^4.0.1" } }, "sha512-AOIgSQCepiJYwP3ARnGx+5VnTu2HBYdzbGP45eLw1vr3zB3vZLeyed1sC9hnbcOc9/SrMyM5RPQrkGz4aS9Zow=="],

    "glob-to-regexp": ["glob-to-regexp@0.4.1", "", {}, "sha512-lkX1HJXwyMcprw/5YUZc2s7DrpAiHB21/V+E1rHUrVNokkvB6bqMzT0VfV6/86ZNabt1k14YOIaT7nDvOX3Iiw=="],

    "graceful-fs": ["graceful-fs@4.2.11", "", {}, "sha512-RbJ5/jmFcNNCcDV5o9eTnBLJ/HszWV0P73bc+Ff4nS/rJj+YaS6IGyiOL0VoBYX+l1Wrl3k63h/KrH+nhJ0XvQ=="],

    "has-flag": ["has-flag@4.0.0", "", {}, "sha512-EykJT/Q1KjTWctppgIAgfSO0tKVuZUjhgMr17kqTumMl6Afv3EISleU7qZUzoXDFTAHTDC4NOoG/ZxU3EvlMPQ=="],

    "immutable": ["immutable@4.3.5", "", {}, "sha512-8eabxkth9gZatlwl5TBuJnCsoTADlL6ftEr7A4qgdaTsPyreilDSnUk57SO+jfKcNtxPa22U5KK6DSeAYhpBJw=="],

    "is-binary-path": ["is-binary-path@2.1.0", "", { "dependencies": { "binary-extensions": "^2.0.0" } }, "sha512-ZMERYes6pDydyuGidse7OsHxtbI7WVeUEozgR/g7rd0xUimYNlvZRE/K2MgZTjWy725IfelLeVcEM97mmtRGXw=="],

    "is-extglob": ["is-extglob@2.1.1", "", {}, "sha512-SbKbANkN603Vi4jEZv49LeVJMn4yGwsbzZworEoyEiutsN3nJYdbO36zfhGJ6QEDpOZIFkDtnq5JRxmvl3jsoQ=="],

    "is-glob": ["is-glob@4.0.3", "", { "dependencies": { "is-extglob": "^2.1.1" } }, "sha512-xelSayHH36ZgE7ZWhli7pW34hNbNl8Ojv5KVmkJD4hBdD3th8Tfk9vYasLM+mXWOZhFkgZfxhLSnrwRr4elSSg=="],

    "is-number": ["is-number@7.0.0", "", {}, "sha512-41Cifkg6e8TylSpdtTpeLVMqvSBEVzTttHvERD741+pnZ8ANv0004MRL43QKPDlK9cGvNp6NZWZUBlbGXYxxng=="],

    "jest-worker": ["jest-worker@27.5.1", "", { "dependencies": { "@types/node": "*", "merge-stream": "^2.0.0", "supports-color": "^8.0.0" } }, "sha512-7vuh85V5cdDofPyxn58nrPjBktZo0u9x1g8WtjQol+jZDaE+fhN+cIvTj11GndBnMnyfrUOG1sZQxCdjKh+DKg=="],

    "json-parse-even-better-errors": ["json-parse-even-better-errors@2.3.1", "", {}, "sha512-xyFwyhro/JEof6Ghe2iz2NcXoj2sloNsWr/XsERDK/oiPCfaNhl5ONfp+jQdAZRQQ0IJWNzH9zIZF7li91kh2w=="],

    "json-schema-traverse": ["json-schema-traverse@0.4.1", "", {}, "sha512-xbbCH5dCYU5T8LcEhhuh7HJ88HXuW3qsI3Y0zOZFKfZEHcpWiHU/Jxzk629Brsab/mMiHQti9wMP+845RPe3Vg=="],

    "klona": ["klona@2.0.6", "", {}, "sha512-dhG34DXATL5hSxJbIexCft8FChFXtmskoZYnoPWjXQuebWYCNkVeV3KkGegCK9CP1oswI/vQibS2GY7Em/sJJA=="],

    "loader-runner": ["loader-runner@4.3.0", "", {}, "sha512-3R/1M+yS3j5ou80Me59j7F9IMs4PXs3VqRrm0TU3AbKPxlmpoY1TNscJV/oGJXo8qCatFGTfDbY6W6ipGOYXfg=="],

    "lru-cache": ["lru-cache@6.0.0", "", { "dependencies": { "yallist": "^4.0.0" } }, "sha512-Jo6dJ04CmSjuznwJSS3pUeWmd/H0ffTlkXXgwZi+eq1UCmqQwCh+eLsYOYCwY991i2Fah4h1BEMCx4qThGbsiA=="],

    "merge-stream": ["merge-stream@2.0.0", "", {}, "sha512-abv/qOcuPfk3URPfDzmZU1LKmuw8kT+0nIHvKrKgFrwifol/doWcdA4ZqsWQ8ENrFKkd67Mfpo/LovbIUsbt3w=="],

    "mime-db": ["mime-db@1.52.0", "", {}, "sha512-sPU4uV7dYlvtWJxwwxHD0PuihVNiE7TyAbQ5SWxDCB9mUYvOgroQOwYQQOKPJ8CIbE+1ETVlOoK1UC2nU3gYvg=="],

    "mime-types": ["mime-types@2.1.35", "", { "dependencies": { "mime-db": "1.52.0" } }, "sha512-ZDY+bPm5zTTF+YpCrAU9nK0UgICYPT0QtT1NZWFv4s++TNkcgVaT0g6+4R2uI4MjQjzysHB1zxuWL50hzaeXiw=="],

    "neo-async": ["neo-async@2.6.2", "", {}, "sha512-Yd3UES5mWCSqR+qNT93S3UoYUkqAZ9lLg8a7g9rimsWmYGK8cVToA4/sF3RrshdyV3sAGMXVUmpMYOw+dLpOuw=="],

    "node-releases": ["node-releases@2.0.14", "", {}, "sha512-y10wOWt8yZpqXmOgRo77WaHEmhYQYGNA6y421PKsKYWEK8aW+cqAphborZDhqfyKrbZEN92CN1X2KbafY2s7Yw=="],

    "normalize-path": ["normalize-path@3.0.0", "", {}, "sha512-6eZs5Ls3WtCisHWp9S2GUy8dqkpGi4BVSz3GaqiE6ezub0512ESztXUwUB6C6IKbQkY2Pnb/mD4WYojCRwcwLA=="],

    "picocolors": ["picocolors@1.0.0", "", {}, "sha512-1fygroTLlHu66zi26VoTDv8yRgm0Fccecssto+MhsZ0D/DGW2sm8E8AjW7NU5VVTRt5GxbeZ5qBuJr+HyLYkjQ=="],

    "picomatch": ["picomatch@2.3.1", "", {}, "sha512-JU3teHTNjmE2VCGFzuY8EXzCDVwEqB2a8fsIvwaStHhAWJEeVd1o1QD80CU6+ZdEXXSLbSsuLwJjkCBWqRQUVA=="],

    "punycode": ["punycode@2.3.1", "", {}, "sha512-vYt7UD1U9Wg6138shLtLOvdAu+8DsC/ilFtEVHcH+wydcSpNE20AfSOduf6MkRFahL5FY7X1oU7nKVZFtfq8Fg=="],

    "randombytes": ["randombytes@2.1.0", "", { "dependencies": { "safe-buffer": "^5.1.0" } }, "sha512-vYl3iOX+4CKUWuxGi9Ukhie6fsqXqS9FE2Zaic4tNFD2N2QQaXOMFbuKK4QmDHC0JO6B1Zp41J0LpT0oR68amQ=="],

    "readdirp": ["readdirp@3.6.0", "", { "dependencies": { "picomatch": "^2.2.1" } }, "sha512-hOS089on8RduqdbhvQ5Z37A0ESjsqz6qnRcffsMU3495FuTdqSm+7bhJ29JvIOsBDEEnan5DPu9t3To9VRlMzA=="],

    "safe-buffer": ["safe-buffer@5.2.1", "", {}, "sha512-rp3So07KcdmmKbGvgaNxQSJr7bGVSVk5S9Eq1F+ppbRo70+YeaDxkw5Dd8NPN+GD6bjnYm2VuPuCXmpuYvmCXQ=="],

    "sass": ["sass@1.76.0", "", { "dependencies": { "chokidar": ">=3.0.0 <4.0.0", "immutable": "^4.0.0", "source-map-js": ">=0.6.2 <2.0.0" }, "bin": "sass.js" }, "sha512-nc3LeqvF2FNW5xGF1zxZifdW3ffIz5aBb7I7tSvOoNu7z1RQ6pFt9MBuiPtjgaI62YWrM/txjWlOCFiGtf2xpw=="],

    "sass-loader": ["sass-loader@12.6.0", "", { "dependencies": { "klona": "^2.0.4", "neo-async": "^2.6.2" }, "peerDependencies": { "fibers": ">= 3.1.0", "node-sass": "^4.0.0 || ^5.0.0 || ^6.0.0 || ^7.0.0", "sass": "^1.3.0", "sass-embedded": "*", "webpack": "^5.0.0" }, "optionalPeers": ["fibers", "node-sass", "sass-embedded"] }, "sha512-oLTaH0YCtX4cfnJZxKSLAyglED0naiYfNG1iXfU5w1LNZ+ukoA5DtyDIN5zmKVZwYNJP4KRc5Y3hkWga+7tYfA=="],

    "schema-utils": ["schema-utils@3.3.0", "", { "dependencies": { "@types/json-schema": "^7.0.8", "ajv": "^6.12.5", "ajv-keywords": "^3.5.2" } }, "sha512-pN/yOAvcC+5rQ5nERGuwrjLlYvLTbCibnZ1I7B1LaiAz9BRBlE9GMgE/eqV30P7aJQUf7Ddimy/RsbYO/GrVGg=="],

    "semver": ["semver@7.6.0", "", { "dependencies": { "lru-cache": "^6.0.0" }, "bin": "bin/semver.js" }, "sha512-EnwXhrlwXMk9gKu5/flx5sv/an57AkRplG3hTK68W7FRDN+k+OWBj65M7719OkA82XLBxrcX0KSHj+X5COhOVg=="],

    "serialize-javascript": ["serialize-javascript@6.0.2", "", { "dependencies": { "randombytes": "^2.1.0" } }, "sha512-Saa1xPByTTq2gdeFZYLLo+RFE35NHZkAbqZeWNd3BpzppeVisAqpDjcp8dyf6uIvEqJRd46jemmyA4iFIeVk8g=="],

    "source-map": ["source-map@0.6.1", "", {}, "sha512-UjgapumWlbMhkBgzT7Ykc5YXUT46F0iKu8SGXq0bcwP5dz/h0Plj6enJqjz1Zbq2l5WaqYnrVbwWOWMyF3F47g=="],

    "source-map-js": ["source-map-js@1.2.0", "", {}, "sha512-itJW8lvSA0TXEphiRoawsCksnlf8SyvmFzIhltqAHluXd88pkCd+cXJVHTDwdCr0IzwptSm035IHQktUu1QUMg=="],

    "source-map-support": ["source-map-support@0.5.21", "", { "dependencies": { "buffer-from": "^1.0.0", "source-map": "^0.6.0" } }, "sha512-uBHU3L3czsIyYXKX88fdrGovxdSCoTGDRZ6SYXtSRxLZUzHg5P/66Ht6uoUlHu9EZod+inXhKo3qQgwXUT/y1w=="],

    "supports-color": ["supports-color@8.1.1", "", { "dependencies": { "has-flag": "^4.0.0" } }, "sha512-MpUEN2OodtUzxvKQl72cUF7RQ5EiHsGvSsVG0ia9c5RbWGL2CI4C7EpPS8UTBIplnlzZiNuV56w+FuNxy3ty2Q=="],

    "tapable": ["tapable@2.2.1", "", {}, "sha512-GNzQvQTOIP6RyTfE2Qxb8ZVlNmw0n88vp1szwWRimP02mnTsx3Wtn5qRdqY9w2XduFNUgvOwhNnQsjwCp+kqaQ=="],

    "terser": ["terser@5.31.0", "", { "dependencies": { "@jridgewell/source-map": "^0.3.3", "acorn": "^8.8.2", "commander": "^2.20.0", "source-map-support": "~0.5.20" }, "bin": "bin/terser" }, "sha512-Q1JFAoUKE5IMfI4Z/lkE/E6+SwgzO+x4tq4v1AyBLRj8VSYvRO6A/rQrPg1yud4g0En9EKI1TvFRF2tQFcoUkg=="],

    "terser-webpack-plugin": ["terser-webpack-plugin@5.3.10", "", { "dependencies": { "@jridgewell/trace-mapping": "^0.3.20", "jest-worker": "^27.4.5", "schema-utils": "^3.1.1", "serialize-javascript": "^6.0.1", "terser": "^5.26.0" }, "peerDependencies": { "webpack": "^5.1.0" } }, "sha512-BKFPWlPDndPs+NGGCr1U59t0XScL5317Y0UReNrHaw9/FwhPENlq6bfgs+4yPfyP51vqC1bQ4rp1EfXW5ZSH9w=="],

    "to-regex-range": ["to-regex-range@5.0.1", "", { "dependencies": { "is-number": "^7.0.0" } }, "sha512-65P7iz6X5yEr1cwcgvQxbbIw7Uk3gOy5dIdtZ4rDveLqhrdJP+Li/Hx6tyK0NEb+2GCyneCMJiGqrADCSNk8sQ=="],

    "typescript": ["typescript@5.4.5", "", { "bin": { "tsc": "bin/tsc", "tsserver": "bin/tsserver" } }, "sha512-vcI4UpRgg81oIRUFwR0WSIHKt11nJ7SAVlYNIu+QpqeyXP+gpQJy/Z4+F0aGxSE4MqwjyXvW/TzgkLAx2AGHwQ=="],

    "undici-types": ["undici-types@5.26.5", "", {}, "sha512-JlCMO+ehdEIKqlFxk6IfVoAUVmgz7cU7zD/h9XZ0qzeosSHmUJVOzSQvvYSYWXkFXC+IfLKSIffhv0sVZup6pA=="],

    "update-browserslist-db": ["update-browserslist-db@1.0.14", "", { "dependencies": { "escalade": "^3.1.2", "picocolors": "^1.0.0" }, "peerDependencies": { "browserslist": ">= 4.21.0" }, "bin": "cli.js" }, "sha512-JixKH8GR2pWYshIPUg/NujK3JO7JiqEEUiNArE86NQyrgUuZeTlZQN3xuS/yiV5Kb48ev9K6RqNkaJjXsdg7Jw=="],

    "uri-js": ["uri-js@4.4.1", "", { "dependencies": { "punycode": "^2.1.0" } }, "sha512-7rKUyy33Q1yc98pQ1DAmLtwX109F7TIfWlW1Ydo8Wl1ii1SeHieeh0HHfPeL2fMXK6z0s8ecKs9frCuLJvndBg=="],

    "watchpack": ["watchpack@2.4.1", "", { "dependencies": { "glob-to-regexp": "^0.4.1", "graceful-fs": "^4.1.2" } }, "sha512-8wrBCMtVhqcXP2Sup1ctSkga6uc2Bx0IIvKyT7yTFier5AXHooSI+QyQQAtTb7+E0IUCCKyTFmXqdqgum2XWGg=="],

    "webpack": ["webpack@5.91.0", "", { "dependencies": { "@types/eslint-scope": "^3.7.3", "@types/estree": "^1.0.5", "@webassemblyjs/ast": "^1.12.1", "@webassemblyjs/wasm-edit": "^1.12.1", "@webassemblyjs/wasm-parser": "^1.12.1", "acorn": "^8.7.1", "acorn-import-assertions": "^1.9.0", "browserslist": "^4.21.10", "chrome-trace-event": "^1.0.2", "enhanced-resolve": "^5.16.0", "es-module-lexer": "^1.2.1", "eslint-scope": "5.1.1", "events": "^3.2.0", "glob-to-regexp": "^0.4.1", "graceful-fs": "^4.2.11", "json-parse-even-better-errors": "^2.3.1", "loader-runner": "^4.2.0", "mime-types": "^2.1.27", "neo-async": "^2.6.2", "schema-utils": "^3.2.0", "tapable": "^2.1.1", "terser-webpack-plugin": "^5.3.10", "watchpack": "^2.4.1", "webpack-sources": "^3.2.3" }, "bin": "bin/webpack.js" }, "sha512-rzVwlLeBWHJbmgTC/8TvAcu5vpJNII+MelQpylD4jNERPwpBJOE2lEcko1zJX3QJeLjTTAnQxn/OJ8bjDzVQaw=="],

    "webpack-sources": ["webpack-sources@3.2.3", "", {}, "sha512-/DyMEOrDgLKKIG0fmvtz+4dUX/3Ghozwgm6iPp8KRhvn+eQf9+Q7GWxVNMk3+uCPWfdXYC4ExGBckIXdFEfH1w=="],

    "yallist": ["yallist@4.0.0", "", {}, "sha512-3wdGidZyq5PB084XLES5TpOSRA3wjXAlIWMhum2kRcv/41Sn2emQ0dycQW4uZXLejwKvg6EsvbdlVL+FYEct7A=="],

    "yarn": ["yarn@1.22.22", "", { "bin": { "yarn": "bin/yarn.js", "yarnpkg": "bin/yarn.js" } }, "sha512-prL3kGtyG7o9Z9Sv8IPfBNrWTDmXB4Qbes8A9rEzt6wkJV8mUvoirjU0Mp3GGAU06Y0XQyA3/2/RQFVuK7MTfg=="],

    "esrecurse/estraverse": ["estraverse@5.3.0", "", {}, "sha512-MMdARuVEQziNTeJD8DgMqmhwR11BRQ/cBP+pLtYdSTnf3MIO8fFeiINEbX36ZdNlfU/7A9f3gUw49B3oQsvwBA=="],
  }
}
